
Microsoft Visual Studio Solution File, Format Version 12.00
# Visual Studio Version 17
VisualStudioVersion = 17.0.31903.59
MinimumVisualStudioVersion = 10.0.40219.1
Project("{FAE04EC0-301F-11D3-BF4B-00C04F79EFBC}") = "TicketsLab2", "TicketsLab2\TicketsLab2.csproj", "{483F13B2-7FE2-4D49-BDEC-F9000D32DD4D}"
EndProject
Project("{FAE04EC0-301F-11D3-BF4B-00C04F79EFBC}") = "TicketsLab2.Tests", "TicketsLab2.Tests\TicketsLab2.Tests.csproj", "{5B3441E4-1A29-4643-82CF-655A7A37758E}"
EndProject
Global
	GlobalSection(SolutionConfigurationPlatforms) = preSolution
		Debug|Any CPU = Debug|Any CPU
		Debug|x64 = Debug|x64
		Debug|x86 = Debug|x86
		Release|Any CPU = Release|Any CPU
		Release|x64 = Release|x64
		Release|x86 = Release|x86
	EndGlobalSection
	GlobalSection(ProjectConfigurationPlatforms) = postSolution
		{483F13B2-7FE2-4D49-BDEC-F9000D32DD4D}.Debug|Any CPU.ActiveCfg = Debug|Any CPU
		{483F13B2-7FE2-4D49-BDEC-F9000D32DD4D}.Debug|Any CPU.Build.0 = Debug|Any CPU
		{483F13B2-7FE2-4D49-BDEC-F9000D32DD4D}.Debug|x64.ActiveCfg = Debug|Any CPU
		{483F13B2-7FE2-4D49-BDEC-F9000D32DD4D}.Debug|x64.Build.0 = Debug|Any CPU
		{483F13B2-7FE2-4D49-BDEC-F9000D32DD4D}.Debug|x86.ActiveCfg = Debug|Any CPU
		{483F13B2-7FE2-4D49-BDEC-F9000D32DD4D}.Debug|x86.Build.0 = Debug|Any CPU
		{483F13B2-7FE2-4D49-BDEC-F9000D32DD4D}.Release|Any CPU.ActiveCfg = Release|Any CPU
		{483F13B2-7FE2-4D49-BDEC-F9000D32DD4D}.Release|Any CPU.Build.0 = Release|Any CPU
		{483F13B2-7FE2-4D49-BDEC-F9000D32DD4D}.Release|x64.ActiveCfg = Release|Any CPU
		{483F13B2-7FE2-4D49-BDEC-F9000D32DD4D}.Release|x64.Build.0 = Release|Any CPU
		{483F13B2-7FE2-4D49-BDEC-F9000D32DD4D}.Release|x86.ActiveCfg = Release|Any CPU
		{483F13B2-7FE2-4D49-BDEC-F9000D32DD4D}.Release|x86.Build.0 = Release|Any CPU
		{5B3441E4-1A29-4643-82CF-655A7A37758E}.Debug|Any CPU.ActiveCfg = Debug|Any CPU
		{5B3441E4-1A29-4643-82CF-655A7A37758E}.Debug|Any CPU.Build.0 = Debug|Any CPU
		{5B3441E4-1A29-4643-82CF-655A7A37758E}.Debug|x64.ActiveCfg = Debug|Any CPU
		{5B3441E4-1A29-4643-82CF-655A7A37758E}.Debug|x64.Build.0 = Debug|Any CPU
		{5B3441E4-1A29-4643-82CF-655A7A37758E}.Debug|x86.ActiveCfg = Debug|Any CPU
		{5B3441E4-1A29-4643-82CF-655A7A37758E}.Debug|x86.Build.0 = Debug|Any CPU
		{5B3441E4-1A29-4643-82CF-655A7A37758E}.Release|Any CPU.ActiveCfg = Release|Any CPU
		{5B3441E4-1A29-4643-82CF-655A7A37758E}.Release|Any CPU.Build.0 = Release|Any CPU
		{5B3441E4-1A29-4643-82CF-655A7A37758E}.Release|x64.ActiveCfg = Release|Any CPU
		{5B3441E4-1A29-4643-82CF-655A7A37758E}.Release|x64.Build.0 = Release|Any CPU
		{5B3441E4-1A29-4643-82CF-655A7A37758E}.Release|x86.ActiveCfg = Release|Any CPU
		{5B3441E4-1A29-4643-82CF-655A7A37758E}.Release|x86.Build.0 = Release|Any CPU
	EndGlobalSection
	GlobalSection(SolutionProperties) = preSolution
		HideSolutionNode = FALSE
	EndGlobalSection
EndGlobal
